
Microsoft Visual Studio Solution File, Format Version 12.00
# Visual Studio Version 17
VisualStudioVersion = 17.7.34202.233
MinimumVisualStudioVersion = 10.0.40219.1
Project("{FAE04EC0-301F-11D3-BF4B-00C04F79EFBC}") = "qr_code_oluşturma", "qr_code_oluşturma\qr_code_oluşturma.csproj", "{312AA6B1-CB0D-46F7-AAE9-BD5FE4CE9AAD}"
EndProject
Global
	GlobalSection(SolutionConfigurationPlatforms) = preSolution
		Debug|Any CPU = Debug|Any CPU
		Release|Any CPU = Release|Any CPU
	EndGlobalSection
	GlobalSection(ProjectConfigurationPlatforms) = postSolution
		{312AA6B1-CB0D-46F7-AAE9-BD5FE4CE9AAD}.Debug|Any CPU.ActiveCfg = Debug|Any CPU
		{312AA6B1-CB0D-46F7-AAE9-BD5FE4CE9AAD}.Debug|Any CPU.Build.0 = Debug|Any CPU
		{312AA6B1-CB0D-46F7-AAE9-BD5FE4CE9AAD}.Release|Any CPU.ActiveCfg = Release|Any CPU
		{312AA6B1-CB0D-46F7-AAE9-BD5FE4CE9AAD}.Release|Any CPU.Build.0 = Release|Any CPU
	EndGlobalSection
	GlobalSection(SolutionProperties) = preSolution
		HideSolutionNode = FALSE
	EndGlobalSection
	GlobalSection(ExtensibilityGlobals) = postSolution
		SolutionGuid = {345B1D3D-93D4-494F-8EDF-EDD6091AC1CD}
	EndGlobalSection
EndGlobal
